<?xml version="1.0" encoding="utf-8"?>
<Project ToolsVersion="4.0" xmlns="http://schemas.microsoft.com/developer/msbuild/2003">
  <ItemGroup>
    <Filter Include="Source Files">
      <UniqueIdentifier>{4FC737F1-C7A5-4376-A066-2A32D752A2FF}</UniqueIdentifier>
      <Extensions>cpp;c;cc;cxx;def;odl;idl;hpj;bat;asm;asmx</Extensions>
    </Filter>
    <Filter Include="Header Files">
      <UniqueIdentifier>{93995380-89BD-4b04-88EB-625FBE52EBFB}</UniqueIdentifier>
      <Extensions>h;hh;hpp;hxx;hm;inl;inc;xsd</Extensions>
    </Filter>
    <Filter Include="Resource Files">
      <UniqueIdentifier>{67DA6AB6-F800-4c08-8B7A-83BB121AAD01}</UniqueIdentifier>
      <Extensions>rc;ico;cur;bmp;dlg;rc2;rct;bin;rgs;gif;jpg;jpeg;jpe;resx;tiff;tif;png;wav;mfcribbon-ms</Extensions>
    </Filter>
    <Filter Include="Source Files\Tile System">
      <UniqueIdentifier>{247c67ca-8089-40be-a85c-5c6af48e8483}</UniqueIdentifier>
    </Filter>
    <Filter Include="Source Files\Resource Loading">
      <UniqueIdentifier>{e33cfa01-34fc-4ef9-bead-36ca3e4ec881}</UniqueIdentifier>
    </Filter>
    <Filter Include="Source Files\Rendering">
      <UniqueIdentifier>{59505d9b-33bd-4366-8a09-5eba22a03218}</UniqueIdentifier>
    </Filter>
    <Filter Include="Source Files\Level Editor">
      <UniqueIdentifier>{bccfcc2a-aa14-4d12-afc6-fe69f5b90380}</UniqueIdentifier>
    </Filter>
    <Filter Include="Source Files\Camera">
      <UniqueIdentifier>{7669ccbb-722f-4c4f-b11d-e54e1c3302b4}</UniqueIdentifier>
    </Filter>
    <Filter Include="Source Files\Game">
      <UniqueIdentifier>{c0108589-ea7b-49fb-922a-46f01f6385cb}</UniqueIdentifier>
    </Filter>
    <Filter Include="Source Files\Unit">
      <UniqueIdentifier>{4c558af9-e91d-46f7-a7f4-f2634f86780e}</UniqueIdentifier>
    </Filter>
    <Filter Include="Source Files\WrappedText">
      <UniqueIdentifier>{3846caa8-3bac-4b82-b0c0-a0fbdb8531ac}</UniqueIdentifier>
    </Filter>
    <Filter Include="Source Files\FileSave">
      <UniqueIdentifier>{6d5a7529-d725-4ad8-bb37-dc2fea610c13}</UniqueIdentifier>
    </Filter>
    <Filter Include="Source Files\Error">
      <UniqueIdentifier>{772b25dd-45f1-4145-a1f1-74a988355a53}</UniqueIdentifier>
    </Filter>
    <Filter Include="Source Files\GUI">
      <UniqueIdentifier>{48061318-ca76-4c8b-889e-c554b46b9e90}</UniqueIdentifier>
    </Filter>
    <Filter Include="Source Files\Game\Inventory">
      <UniqueIdentifier>{50895dc1-b65e-4c00-b061-e794edf338d1}</UniqueIdentifier>
    </Filter>
    <Filter Include="Source Files\Game\Items">
      <UniqueIdentifier>{ea717b97-3609-43af-8729-dceef5a00631}</UniqueIdentifier>
    </Filter>
  </ItemGroup>
  <ItemGroup>
    <ClCompile Include="main.cpp">
      <Filter>Source Files</Filter>
    </ClCompile>
    <ClCompile Include="Tile.cpp">
      <Filter>Source Files\Tile System</Filter>
    </ClCompile>
    <ClCompile Include="ResourceLoader.cpp">
      <Filter>Source Files\Resource Loading</Filter>
    </ClCompile>
    <ClCompile Include="Renderer.cpp">
      <Filter>Source Files\Rendering</Filter>
    </ClCompile>
    <ClCompile Include="TileMap.cpp">
      <Filter>Source Files\Tile System</Filter>
    </ClCompile>
    <ClCompile Include="Editor.cpp">
      <Filter>Source Files\Level Editor</Filter>
    </ClCompile>
    <ClCompile Include="Camera2D.cpp">
      <Filter>Source Files\Camera</Filter>
    </ClCompile>
    <ClCompile Include="EditorGridMode.cpp">
      <Filter>Source Files\Level Editor</Filter>
    </ClCompile>
    <ClCompile Include="EditorSpriteMode.cpp">
      <Filter>Source Files\Level Editor</Filter>
    </ClCompile>
    <ClCompile Include="Level.cpp">
      <Filter>Source Files\Game</Filter>
    </ClCompile>
    <ClCompile Include="Unit.cpp">
      <Filter>Source Files\Unit</Filter>
    </ClCompile>
    <ClCompile Include="Player.cpp">
      <Filter>Source Files\Unit</Filter>
    </ClCompile>
    <ClCompile Include="EditorItemMode.cpp">
      <Filter>Source Files\Level Editor</Filter>
    </ClCompile>
    <ClCompile Include="Animation.cpp">
      <Filter>Source Files\Unit</Filter>
    </ClCompile>
    <ClCompile Include="FileSave.cpp">
      <Filter>Source Files\FileSave</Filter>
    </ClCompile>
    <ClCompile Include="Error.cpp">
      <Filter>Source Files\Error</Filter>
    </ClCompile>
    <ClCompile Include="WrappedText.cpp">
      <Filter>Source Files\WrappedText</Filter>
    </ClCompile>
    <ClCompile Include="Game.cpp">
      <Filter>Source Files\Game</Filter>
    </ClCompile>
    <ClCompile Include="Button.cpp">
      <Filter>Source Files\GUI</Filter>
    </ClCompile>
    <ClCompile Include="GUIElement.cpp">
      <Filter>Source Files\GUI</Filter>
    </ClCompile>
    <ClCompile Include="Inventory.cpp">
      <Filter>Source Files\Game\Inventory</Filter>
    </ClCompile>
    <ClCompile Include="Constants.cpp">
      <Filter>Source Files</Filter>
    </ClCompile>
    <ClCompile Include="PopUpMenu.cpp">
      <Filter>Source Files\GUI</Filter>
    </ClCompile>
    <ClCompile Include="WorldButton.cpp">
      <Filter>Source Files\GUI</Filter>
    </ClCompile>
    <ClCompile Include="Utility.cpp">
      <Filter>Source Files</Filter>
    </ClCompile>
    <ClCompile Include="Item.cpp">
      <Filter>Source Files\Game\Items</Filter>
    </ClCompile>
    <ClCompile Include="ItemDatabase.cpp">
      <Filter>Source Files\Game\Items</Filter>
    </ClCompile>
  </ItemGroup>
  <ItemGroup>
    <ClInclude Include="Tile.h">
      <Filter>Source Files\Tile System</Filter>
    </ClInclude>
    <ClInclude Include="ResourceLoader.h">
      <Filter>Source Files\Resource Loading</Filter>
    </ClInclude>
    <ClInclude Include="Renderer.h">
      <Filter>Source Files\Rendering</Filter>
    </ClInclude>
    <ClInclude Include="TileMap.h">
      <Filter>Source Files\Tile System</Filter>
    </ClInclude>
    <ClInclude Include="Editor.h">
      <Filter>Source Files\Level Editor</Filter>
    </ClInclude>
    <ClInclude Include="Camera2D.h">
      <Filter>Source Files\Camera</Filter>
    </ClInclude>
    <ClInclude Include="Constants.h">
      <Filter>Source Files</Filter>
    </ClInclude>
    <ClInclude Include="Utility.h">
      <Filter>Source Files</Filter>
    </ClInclude>
    <ClInclude Include="Level.h">
      <Filter>Source Files\Game</Filter>
    </ClInclude>
    <ClInclude Include="EditorGridMode.h">
      <Filter>Source Files\Level Editor</Filter>
    </ClInclude>
    <ClInclude Include="EditorSpriteMode.h">
      <Filter>Source Files\Level Editor</Filter>
    </ClInclude>
    <ClInclude Include="Unit.h">
      <Filter>Source Files\Unit</Filter>
    </ClInclude>
    <ClInclude Include="Player.h">
      <Filter>Source Files\Unit</Filter>
    </ClInclude>
    <ClInclude Include="Animation.h">
      <Filter>Source Files\Unit</Filter>
    </ClInclude>
    <ClInclude Include="LevelSprite.h">
      <Filter>Source Files\Game</Filter>
    </ClInclude>
    <ClInclude Include="EditorItemMode.h">
      <Filter>Source Files\Level Editor</Filter>
    </ClInclude>
    <ClInclude Include="FileSave.h">
      <Filter>Source Files\FileSave</Filter>
    </ClInclude>
    <ClInclude Include="Error.h">
      <Filter>Source Files\Error</Filter>
    </ClInclude>
    <ClInclude Include="WrappedText.h">
      <Filter>Source Files\WrappedText</Filter>
    </ClInclude>
    <ClInclude Include="Game.h">
      <Filter>Source Files\Game</Filter>
    </ClInclude>
    <ClInclude Include="Button.h">
      <Filter>Source Files\GUI</Filter>
    </ClInclude>
    <ClInclude Include="GUIElement.h">
      <Filter>Source Files\GUI</Filter>
    </ClInclude>
    <ClInclude Include="Inventory.h">
      <Filter>Source Files\Game\Inventory</Filter>
    </ClInclude>
    <ClInclude Include="PopUpMenu.h">
      <Filter>Source Files\GUI</Filter>
    </ClInclude>
    <ClInclude Include="WorldButton.h">
      <Filter>Source Files\GUI</Filter>
    </ClInclude>
    <ClInclude Include="ItemDatabse.h">
      <Filter>Source Files\Game\Items</Filter>
    </ClInclude>
    <ClInclude Include="Item.h">
      <Filter>Source Files\Game\Items</Filter>
    </ClInclude>
  </ItemGroup>
  <ItemGroup>
    <Text Include="BlackAndWhite.txt">
      <Filter>Source Files\Game</Filter>
    </Text>
  </ItemGroup>
</Project>